# This file is automatically @generated by pesde.
# It is not intended for manual editing.
format = 2
name = "dew/quickpanel"
version = "0.0.1"
target = "roblox"

[graph."centau/vide@0.0.0-df9f00944e9e98297d21fafb64a76a16b0643fd5 roblox"]
direct = ["vide", { repo = "https://github.com/es9-dev/vide", rev = "7dca1bb7bad3201d2b4c308fcd82b7d97306cd79" }, "standard"]

[graph."centau/vide@0.0.0-df9f00944e9e98297d21fafb64a76a16b0643fd5 roblox".pkg_ref]
ref_ty = "git"
repo = "https://github.com/es9-dev/vide"
tree_id = "df9f00944e9e98297d21fafb64a76a16b0643fd5"
new_structure = true
