# This file is automatically @generated by pesde.
# It is not intended for manual editing.
format = 2
name = "dew/app"
version = "0.0.1"
target = "roblox"

[graph."centau/vide@0.0.0-a6d5f55d98fcbdae2d7e3740ef4616f8a9006407 roblox"]
direct = ["vide", { repo = "https://github.com/es9-dev/vide", rev = "058c5d5bf3b5098029bf6109c564e13f7598a10b" }, "standard"]

[graph."centau/vide@0.0.0-a6d5f55d98fcbdae2d7e3740ef4616f8a9006407 roblox".pkg_ref]
ref_ty = "git"
repo = "https://github.com/es9-dev/vide"
tree_id = "a6d5f55d98fcbdae2d7e3740ef4616f8a9006407"
new_structure = true

[graph."spektr/aether@0.0.0-e59f196fc7950f08d0c0b0fc317e4ef8c7c38212 roblox"]
direct = ["aether", { repo = "https://github.com/project-aether-ui/aether", rev = "5a5038c9b3e10709ed6f22b9615958a19dea20ec" }, "standard"]

[graph."spektr/aether@0.0.0-e59f196fc7950f08d0c0b0fc317e4ef8c7c38212 roblox".dependencies]
vide = ["wally#centau/vide@0.4.1 roblox", "standard"]
Virtual = ["spektr/virtual@0.0.0-b956a128e07be89ff24225f8870a06741c79a993 roblox", "standard"]

[graph."spektr/aether@0.0.0-e59f196fc7950f08d0c0b0fc317e4ef8c7c38212 roblox".pkg_ref]
ref_ty = "git"
repo = "https://github.com/project-aether-ui/aether"
tree_id = "e59f196fc7950f08d0c0b0fc317e4ef8c7c38212"
new_structure = true

[graph."spektr/aether@0.0.0-e59f196fc7950f08d0c0b0fc317e4ef8c7c38212 roblox".pkg_ref.dependencies]
vide = [{ wally = "wally#centau/vide", version = "^0.4.0", index = "https://github.com/UpliftGames/wally-index" }, "standard"]
Virtual = [{ repo = "https://github.com/project-aether-ui/aether", rev = "5a5038c9b3e10709ed6f22b9615958a19dea20ec", path = "packages/virtual" }, "standard"]

[graph."spektr/virtual@0.0.0-b956a128e07be89ff24225f8870a06741c79a993 roblox".pkg_ref]
ref_ty = "git"
repo = "https://github.com/project-aether-ui/aether"
tree_id = "b956a128e07be89ff24225f8870a06741c79a993"
new_structure = true

[graph."wally#centau/vide@0.4.1 roblox".pkg_ref]
ref_ty = "wally"
index_url = "https://github.com/UpliftGames/wally-index"
