# This file is automatically @generated by pesde.
# It is not intended for manual editing.
format = 2
name = "dew_examples/styled_pressable"
version = "0.0.1"
target = "roblox"

[graph."centau/vide@0.0.0-df9f00944e9e98297d21fafb64a76a16b0643fd5 roblox"]
direct = ["vide", { repo = "https://github.com/es9-dev/vide", rev = "7dca1bb7bad3201d2b4c308fcd82b7d97306cd79" }, "standard"]

[graph."centau/vide@0.0.0-df9f00944e9e98297d21fafb64a76a16b0643fd5 roblox".pkg_ref]
ref_ty = "git"
repo = "https://github.com/es9-dev/vide"
tree_id = "df9f00944e9e98297d21fafb64a76a16b0643fd5"
new_structure = true

[graph."spektr/aether@0.0.0-e8d05903cdfde803a7b0735f21c592c9987fca4c roblox"]
direct = ["aether", { repo = "https://github.com/project-aether-ui/aether", rev = "7c8977171c42d9d4110d18df7b236329baacb796" }, "standard"]

[graph."spektr/aether@0.0.0-e8d05903cdfde803a7b0735f21c592c9987fca4c roblox".dependencies]
vide = ["centau/vide@0.0.0-df9f00944e9e98297d21fafb64a76a16b0643fd5 roblox", "peer"]
Virtual = ["spektr/virtual@0.0.0-b956a128e07be89ff24225f8870a06741c79a993 roblox", "standard"]

[graph."spektr/aether@0.0.0-e8d05903cdfde803a7b0735f21c592c9987fca4c roblox".pkg_ref]
ref_ty = "git"
repo = "https://github.com/project-aether-ui/aether"
tree_id = "e8d05903cdfde803a7b0735f21c592c9987fca4c"
new_structure = true

[graph."spektr/aether@0.0.0-e8d05903cdfde803a7b0735f21c592c9987fca4c roblox".pkg_ref.dependencies]
vide = [{ repo = "https://github.com/es9-dev/vide", rev = "7dca1bb7bad3201d2b4c308fcd82b7d97306cd79" }, "peer"]
Virtual = [{ repo = "https://github.com/project-aether-ui/aether", rev = "7c8977171c42d9d4110d18df7b236329baacb796", path = "packages/virtual" }, "standard"]

[graph."spektr/virtual@0.0.0-b956a128e07be89ff24225f8870a06741c79a993 roblox".pkg_ref]
ref_ty = "git"
repo = "https://github.com/project-aether-ui/aether"
tree_id = "b956a128e07be89ff24225f8870a06741c79a993"
new_structure = true
