# This file is automatically @generated by pesde.
# It is not intended for manual editing.
format = 2
name = "dew/dashboard"
version = "0.0.1"
target = "roblox"

[graph."centau/vide@0.0.0-730e7398fc80d6b26b7aa0c761960498283850db roblox"]
direct = ["vide", { repo = "https://github.com/es9-dev/vide", rev = "caa0d6dd42ea882f5e27af379b504eb428014aab" }, "standard"]

[graph."centau/vide@0.0.0-730e7398fc80d6b26b7aa0c761960498283850db roblox".pkg_ref]
ref_ty = "git"
repo = "https://github.com/es9-dev/vide"
tree_id = "730e7398fc80d6b26b7aa0c761960498283850db"
new_structure = true
