# This file is automatically @generated by pesde.
# It is not intended for manual editing.
format = 2
name = "dew_examples/dialog_demo"
version = "0.0.1"
target = "roblox"

[graph."centau/vide@0.0.0-df9f00944e9e98297d21fafb64a76a16b0643fd5 roblox"]
direct = ["vide", { repo = "https://github.com/es9-dev/vide", rev = "7dca1bb7bad3201d2b4c308fcd82b7d97306cd79" }, "standard"]

[graph."centau/vide@0.0.0-df9f00944e9e98297d21fafb64a76a16b0643fd5 roblox".pkg_ref]
ref_ty = "git"
repo = "https://github.com/es9-dev/vide"
tree_id = "df9f00944e9e98297d21fafb64a76a16b0643fd5"
new_structure = true

[graph."spektr/aether@0.0.0-d720b3562ffdc3afa6cd3c6e4928d9b03c209b24 roblox"]
direct = ["aether", { repo = "https://github.com/project-aether-ui/aether", rev = "01e48d9" }, "standard"]

[graph."spektr/aether@0.0.0-d720b3562ffdc3afa6cd3c6e4928d9b03c209b24 roblox".dependencies]
vide = ["centau/vide@0.0.0-df9f00944e9e98297d21fafb64a76a16b0643fd5 roblox", "peer"]
Virtual = ["spektr/virtual@0.0.0-b956a128e07be89ff24225f8870a06741c79a993 roblox", "standard"]

[graph."spektr/aether@0.0.0-d720b3562ffdc3afa6cd3c6e4928d9b03c209b24 roblox".pkg_ref]
ref_ty = "git"
repo = "https://github.com/project-aether-ui/aether"
tree_id = "d720b3562ffdc3afa6cd3c6e4928d9b03c209b24"
new_structure = true

[graph."spektr/aether@0.0.0-d720b3562ffdc3afa6cd3c6e4928d9b03c209b24 roblox".pkg_ref.dependencies]
vide = [{ repo = "https://github.com/es9-dev/vide", rev = "7dca1bb7bad3201d2b4c308fcd82b7d97306cd79" }, "peer"]
Virtual = [{ repo = "https://github.com/project-aether-ui/aether", rev = "01e48d9", path = "packages/virtual" }, "standard"]

[graph."spektr/virtual@0.0.0-b956a128e07be89ff24225f8870a06741c79a993 roblox".pkg_ref]
ref_ty = "git"
repo = "https://github.com/project-aether-ui/aether"
tree_id = "b956a128e07be89ff24225f8870a06741c79a993"
new_structure = true
